github.com/aws/aws-sdk-go-v2 v1.36.2 h1:Ub6I4lq/71+tPb/atswvToaLGVMxKZvjYDVOWEExOcU=
github.com/aws/aws-sdk-go-v2 v1.36.2/go.mod h1:LLXuLpgzEbD766Z5ECcRmi8AzSwfZItDtmABVkRLGzg=
github.com/aws/aws-sdk-go-v2/credentials v1.17.24 h1:YclAsrnb1/GTQNt2nzv+756Iw4mF8AOzcDfweWwwm/M=
github.com/aws/aws-sdk-go-v2/credentials v1.17.24/go.mod h1:Hld7tmnAkoBQdTMNYZGzztzKRdA4fCdn9L83LOoigac=
github.com/aws/aws-sdk-go-v2/feature/dynamodb/attributevalue v1.15.10 h1:8GuF6S+LApIFhVkjCjtUyimHl4V+C0ubj+nS5MpRohU=
github.com/aws/aws-sdk-go-v2/feature/dynamodb/attributevalue v1.15.10/go.mod h1:0diLx6Ud3PAA+y21/UDG7H4GSA/ja7LdSDBphAOaj88=
github.com/aws/aws-sdk-go-v2/internal/configsources v1.3.33 h1:knLyPMw3r3JsU8MFHWctE4/e2qWbPaxDYLlohPvnY8c=
github.com/aws/aws-sdk-go-v2/internal/configsources v1.3.33/go.mod h1:EBp2HQ3f+XCB+5J+IoEbGhoV7CpJbnrsd4asNXmTL0A=
github.com/aws/aws-sdk-go-v2/internal/endpoints/v2 v2.6.33 h1:K0+Ne08zqti8J9jwENxZ5NoUyBnaFDTu3apwQJWrwwA=
github.com/aws/aws-sdk-go-v2/internal/endpoints/v2 v2.6.33/go.mod h1:K97stwwzaWzmqxO8yLGHhClbVW1tC6VT1pDLk1pGrq4=
github.com/aws/aws-sdk-go-v2/service/dynamodb v1.40.2 h1:lT4US8VW4CAsCzJy0JpH/vPuJD9nG/73ioLHDlKQDU8=
github.com/aws/aws-sdk-go-v2/service/dynamodb v1.40.2/go.mod h1:QwexjOlSUV85+ct6LohHmsaFTiW2j1s+9SQZNVjhAV0=
github.com/aws/aws-sdk-go-v2/service/dynamodbstreams v1.24.0 h1:tnyvxe5WssZ3Ca848+4Y3dEUn2PRAQ2joONOItXu5wo=
github.com/aws/aws-sdk-go-v2/service/dynamodbstreams v1.24.0/go.mod h1:dn8DAxXSLLG7KxRgN84sSR+CSeeRWZREMm4PXxhLVCI=
github.com/aws/aws-sdk-go-v2/service/internal/accept-encoding v1.12.3 h1:eAh2A4b5IzM/lum78bZ590jy36+d/aFLgKF/4Vd1xPE=
github.com/aws/aws-sdk-go-v2/service/internal/accept-encoding v1.12.3/go.mod h1:0yKJC/kb8sAnmlYa6Zs3QVYqaC8ug2AbnNChv5Ox3uA=
github.com/aws/aws-sdk-go-v2/service/internal/endpoint-discovery v1.10.14 h1:a4cztfjtvD/DDPxWzRnMskxeEVgEXUYAFHBFz+eVjIc=
github.com/aws/aws-sdk-go-v2/service/internal/endpoint-discovery v1.10.14/go.mod h1:4Z0HHlXIU+k510CCfnTtgUon5MMymnSAOp9i0/nLfpA=
github.com/aws/smithy-go v1.22.2 h1:6D9hW43xKFrRx/tXXfAlIZc4JI+yQe6snnWcQyxSyLQ=
github.com/aws/smithy-go v1.22.2/go.mod h1:irrKGvNn1InZwb2d7fkIRNucdfwR8R+Ts3wxYa/cJHg=
github.com/btnguyen2k/consu/g18 v0.1.0 h1:IoS5w5QlOfkcrNOHJyICD6PgqLh+J5fIDqy3vRBVcVM=
github.com/btnguyen2k/consu/g18 v0.1.0/go.mod h1:gTPcr87XdCLDISusRQyDey22/ZOw6bLh6EChxTLx6/c=
github.com/btnguyen2k/consu/reddo v0.1.9 h1:NZyEzRcDXzksNMnvZVZyJmGN6ZQQmHg4hIPCPbfsCBE=
github.com/btnguyen2k/consu/reddo v0.1.9/go.mod h1:pdY5oIVX3noZIaZu3nvoKZ59+seXL/taXNGWh9xJDbg=
github.com/google/go-cmp v0.6.0 h1:ofyhxvXcZhMsU5ulbFiLKl/XBFqE1GSq7atu8tAmTRI=
github.com/google/go-cmp v0.6.0/go.mod h1:17dUlkBOakJ0+DkrSSNjCkIjxS6bF9zb3elmeNGIjoY=
github.com/iancoleman/strcase v0.3.0 h1:nTXanmYxhfFAMjZL34Ov6gkzEsSJZ5DbhxWjvSASxEI=
github.com/iancoleman/strcase v0.3.0/go.mod h1:iwCmte+B7n89clKwxIoIXy/HfoL7AsD47ZCWhYzw7ho=
github.com/jinzhu/inflection v1.0.0 h1:K317FqzuhWc8YvSVlFMCCUb36O/S9MCKRDI7QkRKD/E=
github.com/jinzhu/inflection v1.0.0/go.mod h1:h+uFLlag+Qp1Va5pdKtLDYj+kHp5pxUVkryuEj+Srlc=
github.com/jinzhu/now v1.1.5 h1:/o9tlHleP7gOFmsnYNz3RGnqzefHA47wQpKrrdTIwXQ=
github.com/jinzhu/now v1.1.5/go.mod h1:d3SSVoowX0Lcu0IBviAWJpolVfI5UJVZZ7cO71lE/z8=
github.com/miyamo2/godynamo v1.4.0 h1:FXXsW+41lMYOWi3JhnjvhySCDK6Db7g6DKnCjriGZVM=
github.com/miyamo2/godynamo v1.4.0/go.mod h1:bq+yV+cLMgvHQEnqYpDhl+Gvw2Y5XZazj/ITiuajGnY=
github.com/miyamo2/sqldav v0.2.1 h1:zdE38EVs4gVUuj3WExRIbUttj54VLHKnj03dxlUdIM4=
github.com/miyamo2/sqldav v0.2.1/go.mod h1:kiJbN9nSiYRk6S2ZxcP8FkiUETU1acKW+6LX3N/j5oI=
go.uber.org/mock v0.5.0 h1:KAMbZvZPyBPWgD14IrIQ38QCyjwpvVVV6K/bHl1IwQU=
go.uber.org/mock v0.5.0/go.mod h1:ge71pBPLYDk7QIi1LupWxdAykm7KIEFchiOqd6z7qMM=
golang.org/x/text v0.14.0 h1:ScX5w1eTa3QqT8oi6+ziP7dTV1S2+ALU0bI+0zXKWiQ=
golang.org/x/text v0.14.0/go.mod h1:18ZOQIKpY8NJVqYksKHtTdi31H5itFRjB5/qKTNYzSU=
gorm.io/gorm v1.25.12 h1:I0u8i2hWQItBq1WfE0o2+WuL9+8L21K9e2HHSTE/0f8=
gorm.io/gorm v1.25.12/go.mod h1:xh7N7RHfYlNc5EmcI/El95gXusucDrQnHXe0+CgWcLQ=
