github.com/aws/aws-sdk-go-v2 v1.36.1 h1:iTDl5U6oAhkNPba0e1t1hrwAo02ZMqbrGq4k5JBWM5E=
github.com/aws/aws-sdk-go-v2 v1.36.1/go.mod h1:5PMILGVKiW32oDzjj6RU52yrNrDPUHcbZQYr1sM7qmM=
github.com/aws/aws-sdk-go-v2/credentials v1.17.24 h1:YclAsrnb1/GTQNt2nzv+756Iw4mF8AOzcDfweWwwm/M=
github.com/aws/aws-sdk-go-v2/credentials v1.17.24/go.mod h1:Hld7tmnAkoBQdTMNYZGzztzKRdA4fCdn9L83LOoigac=
github.com/aws/aws-sdk-go-v2/feature/dynamodb/attributevalue v1.15.10 h1:8GuF6S+LApIFhVkjCjtUyimHl4V+C0ubj+nS5MpRohU=
github.com/aws/aws-sdk-go-v2/feature/dynamodb/attributevalue v1.15.10/go.mod h1:0diLx6Ud3PAA+y21/UDG7H4GSA/ja7LdSDBphAOaj88=
github.com/aws/aws-sdk-go-v2/internal/configsources v1.3.32 h1:BjUcr3X3K0wZPGFg2bxOWW3VPN8rkE3/61zhP+IHviA=
github.com/aws/aws-sdk-go-v2/internal/configsources v1.3.32/go.mod h1:80+OGC/bgzzFFTUmcuwD0lb4YutwQeKLFpmt6hoWapU=
github.com/aws/aws-sdk-go-v2/internal/endpoints/v2 v2.6.32 h1:m1GeXHVMJsRsUAqG6HjZWx9dj7F5TR+cF1bjyfYyBd4=
github.com/aws/aws-sdk-go-v2/internal/endpoints/v2 v2.6.32/go.mod h1:IitoQxGfaKdVLNg0hD8/DXmAqNy0H4K2H2Sf91ti8sI=
github.com/aws/aws-sdk-go-v2/service/dynamodb v1.40.1 h1:JUvURAe0mNRzYd+1uTHEiojeyWtNPIQ5EXnDKfgKGUU=
github.com/aws/aws-sdk-go-v2/service/dynamodb v1.40.1/go.mod h1:FcMiR2AALpkrpik6JzbYu+iEfktzrs3XOq5Shk9nvik=
github.com/aws/aws-sdk-go-v2/service/dynamodbstreams v1.24.0 h1:tnyvxe5WssZ3Ca848+4Y3dEUn2PRAQ2joONOItXu5wo=
github.com/aws/aws-sdk-go-v2/service/dynamodbstreams v1.24.0/go.mod h1:dn8DAxXSLLG7KxRgN84sSR+CSeeRWZREMm4PXxhLVCI=
github.com/aws/aws-sdk-go-v2/service/internal/accept-encoding v1.12.2 h1:D4oz8/CzT9bAEYtVhSBmFj2dNOtaHOtMKc2vHBwYizA=
github.com/aws/aws-sdk-go-v2/service/internal/accept-encoding v1.12.2/go.mod h1:Za3IHqTQ+yNcRHxu1OFucBh0ACZT4j4VQFF0BqpZcLY=
github.com/aws/aws-sdk-go-v2/service/internal/endpoint-discovery v1.10.13 h1:eWoHfLIzYeUtJEuoUmD5PwTE+fLaIPN9NZ7UXd9CW0s=
github.com/aws/aws-sdk-go-v2/service/internal/endpoint-discovery v1.10.13/go.mod h1:x5t8Ve0J7JK9VHKSPSRAdBrWAgr/5hH3UeCFMLoyUGQ=
github.com/aws/smithy-go v1.22.2 h1:6D9hW43xKFrRx/tXXfAlIZc4JI+yQe6snnWcQyxSyLQ=
github.com/aws/smithy-go v1.22.2/go.mod h1:irrKGvNn1InZwb2d7fkIRNucdfwR8R+Ts3wxYa/cJHg=
github.com/btnguyen2k/consu/g18 v0.1.0 h1:IoS5w5QlOfkcrNOHJyICD6PgqLh+J5fIDqy3vRBVcVM=
github.com/btnguyen2k/consu/g18 v0.1.0/go.mod h1:gTPcr87XdCLDISusRQyDey22/ZOw6bLh6EChxTLx6/c=
github.com/btnguyen2k/consu/reddo v0.1.9 h1:NZyEzRcDXzksNMnvZVZyJmGN6ZQQmHg4hIPCPbfsCBE=
github.com/btnguyen2k/consu/reddo v0.1.9/go.mod h1:pdY5oIVX3noZIaZu3nvoKZ59+seXL/taXNGWh9xJDbg=
github.com/google/go-cmp v0.7.0 h1:wk8382ETsv4JYUZwIsn6YpYiWiBsYLSJiTsyBybVuN8=
github.com/google/go-cmp v0.7.0/go.mod h1:pXiqmnSA92OHEEa9HXL2W4E7lf9JzCmGVUdgjX3N/iU=
github.com/iancoleman/strcase v0.3.0 h1:nTXanmYxhfFAMjZL34Ov6gkzEsSJZ5DbhxWjvSASxEI=
github.com/iancoleman/strcase v0.3.0/go.mod h1:iwCmte+B7n89clKwxIoIXy/HfoL7AsD47ZCWhYzw7ho=
github.com/jinzhu/inflection v1.0.0 h1:K317FqzuhWc8YvSVlFMCCUb36O/S9MCKRDI7QkRKD/E=
github.com/jinzhu/inflection v1.0.0/go.mod h1:h+uFLlag+Qp1Va5pdKtLDYj+kHp5pxUVkryuEj+Srlc=
github.com/jinzhu/now v1.1.5 h1:/o9tlHleP7gOFmsnYNz3RGnqzefHA47wQpKrrdTIwXQ=
github.com/jinzhu/now v1.1.5/go.mod h1:d3SSVoowX0Lcu0IBviAWJpolVfI5UJVZZ7cO71lE/z8=
github.com/miyamo2/godynamo v1.4.0 h1:FXXsW+41lMYOWi3JhnjvhySCDK6Db7g6DKnCjriGZVM=
github.com/miyamo2/godynamo v1.4.0/go.mod h1:bq+yV+cLMgvHQEnqYpDhl+Gvw2Y5XZazj/ITiuajGnY=
github.com/miyamo2/sqldav v0.2.1 h1:zdE38EVs4gVUuj3WExRIbUttj54VLHKnj03dxlUdIM4=
github.com/miyamo2/sqldav v0.2.1/go.mod h1:kiJbN9nSiYRk6S2ZxcP8FkiUETU1acKW+6LX3N/j5oI=
go.uber.org/mock v0.5.0 h1:KAMbZvZPyBPWgD14IrIQ38QCyjwpvVVV6K/bHl1IwQU=
go.uber.org/mock v0.5.0/go.mod h1:ge71pBPLYDk7QIi1LupWxdAykm7KIEFchiOqd6z7qMM=
golang.org/x/text v0.14.0 h1:ScX5w1eTa3QqT8oi6+ziP7dTV1S2+ALU0bI+0zXKWiQ=
golang.org/x/text v0.14.0/go.mod h1:18ZOQIKpY8NJVqYksKHtTdi31H5itFRjB5/qKTNYzSU=
gorm.io/gorm v1.25.12 h1:I0u8i2hWQItBq1WfE0o2+WuL9+8L21K9e2HHSTE/0f8=
gorm.io/gorm v1.25.12/go.mod h1:xh7N7RHfYlNc5EmcI/El95gXusucDrQnHXe0+CgWcLQ=
